// !$*UTF8*$!
{
	archiveVersion = 1;
	classes = {
	};
	objectVersion = 56;
	objects = {

/* Begin PBXBuildFile section */
		C7E8166F14A141C6996C9C2A /* AppDelegate.swift in Sources */ = {isa = PBXBuildFile; fileRef = 0A3D2DF999494F71BCD3BBA2 /* AppDelegate.swift */; };
		38E9DB80F3AA45A1B4616244 /* PiViewController.swift in Sources */ = {isa = PBXBuildFile; fileRef = 2BB88D5948A84444B6756DC0 /* PiViewController.swift */; };
		1697032DE678441BAF9F945C /* PiOSMobileTests.swift in Sources */ = {isa = PBXBuildFile; fileRef = 0924B327D06F45EAAA626A97 /* PiOSMobileTests.swift */; };
/* End PBXBuildFile section */

/* Begin PBXFileReference section */
		38EB5A4061274C82A1D6E95C /* PiOSMobile.app */ = {isa = PBXFileReference; explicitFileType = wrapper.application; includeInIndex = 0; path = PiOSMobile.app; sourceTree = BUILT_PRODUCTS_DIR; };
		07D7FE52DB02469A91A01E49 /* PiOSMobileTests.xctest */ = {isa = PBXFileReference; explicitFileType = wrapper.cfbundle; includeInIndex = 0; path = PiOSMobileTests.xctest; sourceTree = BUILT_PRODUCTS_DIR; };
		0A3D2DF999494F71BCD3BBA2 /* AppDelegate.swift */ = {isa = PBXFileReference; lastKnownFileType = sourcecode.swift; path = AppDelegate.swift; sourceTree = "<group>"; };
		2BB88D5948A84444B6756DC0 /* PiViewController.swift */ = {isa = PBXFileReference; lastKnownFileType = sourcecode.swift; path = PiViewController.swift; sourceTree = "<group>"; };
		0924B327D06F45EAAA626A97 /* PiOSMobileTests.swift */ = {isa = PBXFileReference; lastKnownFileType = sourcecode.swift; path = PiOSMobileTests.swift; sourceTree = "<group>"; };
/* End PBXFileReference section */

/* Begin PBXFrameworksBuildPhase section */
		0D689F15B59C4039A2A21A33 /* Frameworks */ = {
			isa = PBXFrameworksBuildPhase;
			buildActionMask = 2147483647;
			files = (
			);
			runOnlyForDeploymentPostprocessing = 0;
		};
		FD1D5680F0434E4A9DEB42F0 /* Frameworks */ = {
			isa = PBXFrameworksBuildPhase;
			buildActionMask = 2147483647;
			files = (
			);
			runOnlyForDeploymentPostprocessing = 0;
		};
/* End PBXFrameworksBuildPhase section */

/* Begin PBXGroup section */
		202729438F694C179604B03A /* PiOSMobile */ = {
			isa = PBXGroup;
			children = (
				1C7EAE1829694F80860262CD /* Sources */,
				9297ACFA4B1A4502B3DC847D /* Tests */,
				7E8F0EA6CD7D4B75BCC93016 /* Products */,
			);
			sourceTree = "<group>";
		};
		7E8F0EA6CD7D4B75BCC93016 /* Products */ = {
			isa = PBXGroup;
			children = (
				38EB5A4061274C82A1D6E95C /* PiOSMobile.app */,
				07D7FE52DB02469A91A01E49 /* PiOSMobileTests.xctest */,
			);
			name = Products;
			sourceTree = "<group>";
		};
		1C7EAE1829694F80860262CD /* Sources */ = {
			isa = PBXGroup;
			children = (
				0A3D2DF999494F71BCD3BBA2 /* AppDelegate.swift */,
				2BB88D5948A84444B6756DC0 /* PiViewController.swift */,
			);
			name = Sources;
			path = PiOSMobile/Sources/PiOSMobile;
			sourceTree = "<group>";
		};
		9297ACFA4B1A4502B3DC847D /* Tests */ = {
			isa = PBXGroup;
			children = (
				0924B327D06F45EAAA626A97 /* PiOSMobileTests.swift */,
			);
			name = Tests;
			path = PiOSMobile/Tests/PiOSMobileTests;
			sourceTree = "<group>";
		};
/* End PBXGroup section */

/* Begin PBXNativeTarget section */
		796292BFE8B346C494310B2C /* PiOSMobile */ = {
			isa = PBXNativeTarget;
			buildConfigurationList = AC79E43B10B2458B9A8D2033 /* Build configuration list for PBXNativeTarget "PiOSMobile" */;
			buildPhases = (
				FAFB1D13467C4A29B6379FFC /* Sources */,
				0D689F15B59C4039A2A21A33 /* Frameworks */,
				D2D4478F60E047629E200D46 /* Resources */,
			);
			buildRules = (
			);
			dependencies = (
			);
			name = PiOSMobile;
			productName = PiOSMobile;
			productReference = 38EB5A4061274C82A1D6E95C /* PiOSMobile.app */;
			productType = "com.apple.product-type.application";
		};
		02F526736FA44426AEFD9032 /* PiOSMobileTests */ = {
			isa = PBXNativeTarget;
			buildConfigurationList = E6734546AD784639BB5FBA23 /* Build configuration list for PBXNativeTarget "PiOSMobileTests" */;
			buildPhases = (
				71DDF0AA48FC4FE6A18C3CFE /* Sources */,
				FD1D5680F0434E4A9DEB42F0 /* Frameworks */,
			);
			buildRules = (
			);
			dependencies = (
			);
			name = PiOSMobileTests;
			productName = PiOSMobileTests;
			productReference = 07D7FE52DB02469A91A01E49 /* PiOSMobileTests.xctest */;
			productType = "com.apple.product-type.bundle.unit-test";
		};
/* End PBXNativeTarget section */

/* Begin PBXProject section */
		7CD95408CB5646F2971A24AC /* Project object */ = {
			isa = PBXProject;
			attributes = {
				BuildIndependentTargetsInParallel = 1;
				LastSwiftUpdateCheck = 1500;
				LastUpgradeCheck = 1500;
				TargetAttributes = {
					796292BFE8B346C494310B2C = {
						CreatedOnToolsVersion = 15.0;
					};
					02F526736FA44426AEFD9032 = {
						CreatedOnToolsVersion = 15.0;
						TestTargetID = 796292BFE8B346C494310B2C;
					};
				};
			};
			buildConfigurationList = C4BB19E5B1444A9588D8441B /* Build configuration list for PBXProject "PiOSMobile" */;
			compatibilityVersion = "Xcode 14.0";
			developmentRegion = en;
			hasScannedForEncodings = 0;
			knownRegions = (
				en,
				Base,
			);
			mainGroup = 202729438F694C179604B03A /* PiOSMobile */;
			productRefGroup = 7E8F0EA6CD7D4B75BCC93016 /* Products */;
			projectDirPath = "";
			projectRoot = "";
			targets = (
				796292BFE8B346C494310B2C /* PiOSMobile */,
				02F526736FA44426AEFD9032 /* PiOSMobileTests */,
			);
		};
/* End PBXProject section */

/* Begin PBXResourcesBuildPhase section */
		D2D4478F60E047629E200D46 /* Resources */ = {
			isa = PBXResourcesBuildPhase;
			buildActionMask = 2147483647;
			files = (
			);
			runOnlyForDeploymentPostprocessing = 0;
		};
/* End PBXResourcesBuildPhase section */

/* Begin PBXSourcesBuildPhase section */
		FAFB1D13467C4A29B6379FFC /* Sources */ = {
			isa = PBXSourcesBuildPhase;
			buildActionMask = 2147483647;
			files = (
				C7E8166F14A141C6996C9C2A /* AppDelegate.swift in Sources */,
				38E9DB80F3AA45A1B4616244 /* PiViewController.swift in Sources */,
			);
			runOnlyForDeploymentPostprocessing = 0;
		};
		71DDF0AA48FC4FE6A18C3CFE /* Sources */ = {
			isa = PBXSourcesBuildPhase;
			buildActionMask = 2147483647;
			files = (
				1697032DE678441BAF9F945C /* PiOSMobileTests.swift in Sources */,
			);
			runOnlyForDeploymentPostprocessing = 0;
		};
/* End PBXSourcesBuildPhase section */

/* Begin XCBuildConfiguration section */
		CF90DA0D4E954B42B512C3B9 /* Debug */ = {
			isa = XCBuildConfiguration;
			buildSettings = {
				ALWAYS_SEARCH_USER_PATHS = NO;
				ASSETCATALOG_COMPILER_GENERATE_SWIFT_ASSET_SYMBOL_EXTENSIONS = YES;
				CLANG_ANALYZER_NONNULL = YES;
				CLANG_ANALYZER_NUMBER_OBJECT_CONVERSION = YES_AGGRESSIVE;
				CLANG_CXX_LANGUAGE_STANDARD = "gnu++20";
				CLANG_ENABLE_MODULES = YES;
				CLANG_ENABLE_OBJC_ARC = YES;
				CLANG_ENABLE_OBJC_WEAK = YES;
				CLANG_WARN_BLOCK_CAPTURE_AUTORELEASING = YES;
				CLANG_WARN_BOOL_CONVERSION = YES;
				CLANG_WARN_COMMA = YES;
				CLANG_WARN_CONSTANT_CONVERSION = YES;
				CLANG_WARN_DEPRECATED_OBJC_IMPLEMENTATIONS = YES;
				CLANG_WARN_DIRECT_OBJC_IVAR_ACCESS = YES;
				CLANG_WARN_EMPTY_BODY = YES;
				CLANG_WARN_ENUM_CONVERSION = YES;
				CLANG_WARN_INFINITE_RECURSION = YES;
				CLANG_WARN_INT_CONVERSION = YES;
				CLANG_WARN_NON_LITERAL_NULL_CONVERSION = YES;
				CLANG_WARN_OBJC_IMPLICIT_RETAIN_SELF = YES;
				CLANG_WARN_OBJC_LITERAL_CONVERSION = YES;
				CLANG_WARN_OBJC_ROOT_CLASS = YES_ERROR;
				CLANG_WARN_QUOTED_INCLUDE_IN_FRAMEWORK_HEADER = YES;
				CLANG_WARN_RANGE_LOOP_ANALYSIS = YES;
				CLANG_WARN_STRICT_PROTOTYPES = YES;
				CLANG_WARN_SUSPICIOUS_MOVE = YES;
				CLANG_WARN_UNINITIALIZED = YES;
				CLANG_WARN_UNREACHABLE_CODE = YES;
				CLANG_WARN__DUPLICATE_METHOD_MATCH = YES;
				COPY_PHASE_STRIP = NO;
				DEBUG_INFORMATION_FORMAT = dwarf;
				ENABLE_STRICT_OBJC_MSGSEND = YES;
				ENABLE_TESTABILITY = YES;
				ENABLE_USER_SCRIPT_SANDBOXING = YES;
				GCC_C_LANGUAGE_STANDARD = gnu17;
				GCC_DYNAMIC_NO_PIC = NO;
				GCC_NO_COMMON_BLOCKS = YES;
				GCC_OPTIMIZATION_LEVEL = 0;
				GCC_PREPROCESSOR_DEFINITIONS = (
					"DEBUG=1",
					"$(inherited)",
				);
				GCC_WARN_64_TO_32_BIT_CONVERSION = YES;
				GCC_WARN_ABOUT_RETURN_TYPE = YES_ERROR;
				GCC_WARN_UNDECLARED_SELECTOR = YES;
				GCC_WARN_UNINITIALIZED_AUTOS = YES_AGGRESSIVE;
				GCC_WARN_UNUSED_FUNCTION = YES;
				GCC_WARN_UNUSED_VARIABLE = YES;
				IPHONEOS_DEPLOYMENT_TARGET = 16.0;
				MTL_ENABLE_DEBUG_INFO = INCLUDE_SOURCE;
				MTL_FAST_MATH = YES;
				ONLY_ACTIVE_ARCH = YES;
				SDKROOT = iphoneos;
				SWIFT_ACTIVE_COMPILATION_CONDITIONS = "DEBUG $(inherited)";
				SWIFT_OPTIMIZATION_LEVEL = "-Onone";
			};
			name = Debug;
		};
		47BEE0A8E6924006AD8B05C3 /* Release */ = {
			isa = XCBuildConfiguration;
			buildSettings = {
				ALWAYS_SEARCH_USER_PATHS = NO;
				ASSETCATALOG_COMPILER_GENERATE_SWIFT_ASSET_SYMBOL_EXTENSIONS = YES;
				CLANG_ANALYZER_NONNULL = YES;
				CLANG_ANALYZER_NUMBER_OBJECT_CONVERSION = YES_AGGRESSIVE;
				CLANG_CXX_LANGUAGE_STANDARD = "gnu++20";
				CLANG_ENABLE_MODULES = YES;
				CLANG_ENABLE_OBJC_ARC = YES;
				CLANG_ENABLE_OBJC_WEAK = YES;
				CLANG_WARN_BLOCK_CAPTURE_AUTORELEASING = YES;
				CLANG_WARN_BOOL_CONVERSION = YES;
				CLANG_WARN_COMMA = YES;
				CLANG_WARN_CONSTANT_CONVERSION = YES;
				CLANG_WARN_DEPRECATED_OBJC_IMPLEMENTATIONS = YES;
				CLANG_WARN_DIRECT_OBJC_IVAR_ACCESS = YES;
				CLANG_WARN_EMPTY_BODY = YES;
				CLANG_WARN_ENUM_CONVERSION = YES;
				CLANG_WARN_INFINITE_RECURSION = YES;
				CLANG_WARN_INT_CONVERSION = YES;
				CLANG_WARN_NON_LITERAL_NULL_CONVERSION = YES;
				CLANG_WARN_OBJC_IMPLICIT_RETAIN_SELF = YES;
				CLANG_WARN_OBJC_LITERAL_CONVERSION = YES;
				CLANG_WARN_OBJC_ROOT_CLASS = YES_ERROR;
				CLANG_WARN_QUOTED_INCLUDE_IN_FRAMEWORK_HEADER = YES;
				CLANG_WARN_RANGE_LOOP_ANALYSIS = YES;
				CLANG_WARN_STRICT_PROTOTYPES = YES;
				CLANG_WARN_SUSPICIOUS_MOVE = YES;
				CLANG_WARN_UNINITIALIZED = YES;
				CLANG_WARN_UNREACHABLE_CODE = YES;
				CLANG_WARN__DUPLICATE_METHOD_MATCH = YES;
				COPY_PHASE_STRIP = NO;
				DEBUG_INFORMATION_FORMAT = "dwarf-with-dsym";
				ENABLE_NS_ASSERTIONS = NO;
				ENABLE_STRICT_OBJC_MSGSEND = YES;
				ENABLE_USER_SCRIPT_SANDBOXING = YES;
				GCC_C_LANGUAGE_STANDARD = gnu17;
				GCC_NO_COMMON_BLOCKS = YES;
				GCC_WARN_64_TO_32_BIT_CONVERSION = YES;
				GCC_WARN_ABOUT_RETURN_TYPE = YES_ERROR;
				GCC_WARN_UNDECLARED_SELECTOR = YES;
				GCC_WARN_UNINITIALIZED_AUTOS = YES_AGGRESSIVE;
				GCC_WARN_UNUSED_FUNCTION = YES;
				GCC_WARN_UNUSED_VARIABLE = YES;
				IPHONEOS_DEPLOYMENT_TARGET = 16.0;
				MTL_FAST_MATH = YES;
				SDKROOT = iphoneos;
				SWIFT_COMPILATION_MODE = wholemodule;
				VALIDATE_PRODUCT = YES;
			};
			name = Release;
		};
		397D89AF5975492BAB2DD00C /* Debug */ = {
			isa = XCBuildConfiguration;
			buildSettings = {
				ASSETCATALOG_COMPILER_APPICON_NAME = AppIcon;
				ASSETCATALOG_COMPILER_GLOBAL_ACCENT_COLOR_NAME = AccentColor;
				BUNDLE_LOADER = "$(TEST_HOST)";
				CODE_SIGN_STYLE = Automatic;
				CURRENT_PROJECT_VERSION = 1;
				DEVELOPMENT_TEAM = "";
				GENERATE_INFOPLIST_FILE = NO;
				INFOPLIST_FILE = "PiOSMobile/Info.plist";
				IPHONEOS_DEPLOYMENT_TARGET = 16.0;
				LD_RUNPATH_SEARCH_PATHS = (
					"$(inherited)",
					"@executable_path/Frameworks",
				);
				MARKETING_VERSION = 0.1.0;
				PRODUCT_BUNDLE_IDENTIFIER = com.pios.PiOSMobile;
				PRODUCT_NAME = "$(TARGET_NAME)";
				SDKROOT = iphoneos;
				SWIFT_EMIT_LOC_STRINGS = YES;
				SWIFT_VERSION = 5.0;
				TARGETED_DEVICE_FAMILY = "1,2";
			};
			name = Debug;
		};
		7057970B548642E5B0B8C88C /* Release */ = {
			isa = XCBuildConfiguration;
			buildSettings = {
				ASSETCATALOG_COMPILER_APPICON_NAME = AppIcon;
				ASSETCATALOG_COMPILER_GLOBAL_ACCENT_COLOR_NAME = AccentColor;
				CODE_SIGN_STYLE = Automatic;
				CURRENT_PROJECT_VERSION = 1;
				DEVELOPMENT_TEAM = "";
				GENERATE_INFOPLIST_FILE = NO;
				INFOPLIST_FILE = "PiOSMobile/Info.plist";
				IPHONEOS_DEPLOYMENT_TARGET = 16.0;
				LD_RUNPATH_SEARCH_PATHS = (
					"$(inherited)",
					"@executable_path/Frameworks",
				);
				MARKETING_VERSION = 0.1.0;
				PRODUCT_BUNDLE_IDENTIFIER = com.pios.PiOSMobile;
				PRODUCT_NAME = "$(TARGET_NAME)";
				SDKROOT = iphoneos;
				SWIFT_EMIT_LOC_STRINGS = YES;
				SWIFT_VERSION = 5.0;
				TARGETED_DEVICE_FAMILY = "1,2";
			};
			name = Release;
		};
		F55CD81267174606A1553138 /* Debug */ = {
			isa = XCBuildConfiguration;
			buildSettings = {
				BUNDLE_LOADER = "$(TEST_HOST)";
				CODE_SIGN_STYLE = Automatic;
				CURRENT_PROJECT_VERSION = 1;
				DEVELOPMENT_TEAM = "";
				GENERATE_INFOPLIST_FILE = YES;
				IPHONEOS_DEPLOYMENT_TARGET = 16.0;
				MARKETING_VERSION = 0.1.0;
				PRODUCT_BUNDLE_IDENTIFIER = com.pios.PiOSMobileTests;
				PRODUCT_NAME = "$(TARGET_NAME)";
				SDKROOT = iphoneos;
				SWIFT_VERSION = 5.0;
				TARGETED_DEVICE_FAMILY = "1,2";
				TEST_HOST = "$(BUILT_PRODUCTS_DIR)/PiOSMobile.app/$(BUNDLE_EXECUTABLE_FOLDER_PATH)/PiOSMobile";
			};
			name = Debug;
		};
		FFD8D8C8F1D54E6AB3FCBDA7 /* Release */ = {
			isa = XCBuildConfiguration;
			buildSettings = {
				BUNDLE_LOADER = "$(TEST_HOST)";
				CODE_SIGN_STYLE = Automatic;
				CURRENT_PROJECT_VERSION = 1;
				DEVELOPMENT_TEAM = "";
				GENERATE_INFOPLIST_FILE = YES;
				IPHONEOS_DEPLOYMENT_TARGET = 16.0;
				MARKETING_VERSION = 0.1.0;
				PRODUCT_BUNDLE_IDENTIFIER = com.pios.PiOSMobileTests;
				PRODUCT_NAME = "$(TARGET_NAME)";
				SDKROOT = iphoneos;
				SWIFT_VERSION = 5.0;
				TARGETED_DEVICE_FAMILY = "1,2";
				TEST_HOST = "$(BUILT_PRODUCTS_DIR)/PiOSMobile.app/$(BUNDLE_EXECUTABLE_FOLDER_PATH)/PiOSMobile";
			};
			name = Release;
		};
/* End XCBuildConfiguration section */

/* Begin XCConfigurationList section */
		C4BB19E5B1444A9588D8441B /* Build configuration list for PBXProject "PiOSMobile" */ = {
			isa = XCConfigurationList;
			buildConfigurations = (
				CF90DA0D4E954B42B512C3B9 /* Debug */,
				47BEE0A8E6924006AD8B05C3 /* Release */,
			);
			defaultConfigurationIsVisible = 0;
			defaultConfigurationName = Release;
		};
		AC79E43B10B2458B9A8D2033 /* Build configuration list for PBXNativeTarget "PiOSMobile" */ = {
			isa = XCConfigurationList;
			buildConfigurations = (
				397D89AF5975492BAB2DD00C /* Debug */,
				7057970B548642E5B0B8C88C /* Release */,
			);
			defaultConfigurationIsVisible = 0;
			defaultConfigurationName = Release;
		};
		E6734546AD784639BB5FBA23 /* Build configuration list for PBXNativeTarget "PiOSMobileTests" */ = {
			isa = XCConfigurationList;
			buildConfigurations = (
				F55CD81267174606A1553138 /* Debug */,
				FFD8D8C8F1D54E6AB3FCBDA7 /* Release */,
			);
			defaultConfigurationIsVisible = 0;
			defaultConfigurationName = Release;
		};
/* End XCConfigurationList section */

	};
	rootObject = 7CD95408CB5646F2971A24AC /* Project object */;
}
